// !$*UTF8*$!
{
	archiveVersion = 1;
	classes = {
	};
	objectVersion = 56;
	objects = {

/* Begin PBXBuildFile section */
		4C6FC5082BF34FEC0035FFC0 /* PlanIOApp.swift in Sources */ = {isa = PBXBuildFile; fileRef = 4C6FC5072BF34FEC0035FFC0 /* PlanIOApp.swift */; };
		4C6FC50C2BF34FED0035FFC0 /* Assets.xcassets in Resources */ = {isa = PBXBuildFile; fileRef = 4C6FC50B2BF34FED0035FFC0 /* Assets.xcassets */; };
		4C6FC50F2BF34FED0035FFC0 /* Preview Assets.xcassets in Resources */ = {isa = PBXBuildFile; fileRef = 4C6FC50E2BF34FED0035FFC0 /* Preview Assets.xcassets */; };
		4CC1E8022BF638AA00038958 /* .swiftlint.yml in Resources */ = {isa = PBXBuildFile; fileRef = 4CC1E8012BF638AA00038958 /* .swiftlint.yml */; };
		510BE7302BF5AB8400524EA9 /* TextBook.swift in Sources */ = {isa = PBXBuildFile; fileRef = 510BE72F2BF5AB8400524EA9 /* TextBook.swift */; };
		510BE7392BF715BC00524EA9 /* AchieveView.swift in Sources */ = {isa = PBXBuildFile; fileRef = 510BE7382BF715BC00524EA9 /* AchieveView.swift */; };
		510BE73C2BF71D7200524EA9 /* InputView.swift in Sources */ = {isa = PBXBuildFile; fileRef = 510BE73B2BF71D7200524EA9 /* InputView.swift */; };
		510BE73F2BF71D8600524EA9 /* PlanView.swift in Sources */ = {isa = PBXBuildFile; fileRef = 510BE73E2BF71D8600524EA9 /* PlanView.swift */; };
		510BE7422BF71DB600524EA9 /* TestView.swift in Sources */ = {isa = PBXBuildFile; fileRef = 510BE7412BF71DB600524EA9 /* TestView.swift */; };
		510BE7492BFA189D00524EA9 /* TodayTaskView.swift in Sources */ = {isa = PBXBuildFile; fileRef = 510BE7482BFA189D00524EA9 /* TodayTaskView.swift */; };
		510BE74B2BFA51E400524EA9 /* TodayTaskListView.swift in Sources */ = {isa = PBXBuildFile; fileRef = 510BE74A2BFA51E400524EA9 /* TodayTaskListView.swift */; };
		510BE74D2BFA52B400524EA9 /* Task.swift in Sources */ = {isa = PBXBuildFile; fileRef = 510BE74C2BFA52B400524EA9 /* Task.swift */; };
		510BE74F2BFA54F300524EA9 /* TaskStatusButton.swift in Sources */ = {isa = PBXBuildFile; fileRef = 510BE74E2BFA54F300524EA9 /* TaskStatusButton.swift */; };
		510BE7512BFA5CA200524EA9 /* TaskLow.swift in Sources */ = {isa = PBXBuildFile; fileRef = 510BE7502BFA5CA200524EA9 /* TaskLow.swift */; };
		510BE7532BFA606400524EA9 /* StatusSelectPopUp.swift in Sources */ = {isa = PBXBuildFile; fileRef = 510BE7522BFA606400524EA9 /* StatusSelectPopUp.swift */; };
		510BE7552BFB24C200524EA9 /* WorkBook.swift in Sources */ = {isa = PBXBuildFile; fileRef = 510BE7542BFB24C200524EA9 /* WorkBook.swift */; };
		510BE7572BFB28C500524EA9 /* Plan.swift in Sources */ = {isa = PBXBuildFile; fileRef = 510BE7562BFB28C500524EA9 /* Plan.swift */; };
		510BE75A2BFB587D00524EA9 /* AchieveComponentTitle.swift in Sources */ = {isa = PBXBuildFile; fileRef = 510BE7592BFB587D00524EA9 /* AchieveComponentTitle.swift */; };
		510BE75C2BFB589200524EA9 /* AchieveComponentBackground.swift in Sources */ = {isa = PBXBuildFile; fileRef = 510BE75B2BFB589200524EA9 /* AchieveComponentBackground.swift */; };
		510BE75E2BFB5A5800524EA9 /* EntireStatusView.swift in Sources */ = {isa = PBXBuildFile; fileRef = 510BE75D2BFB5A5800524EA9 /* EntireStatusView.swift */; };
/* End PBXBuildFile section */

/* Begin PBXFileReference section */
		4C6FC5042BF34FEC0035FFC0 /* PlanIO.app */ = {isa = PBXFileReference; explicitFileType = wrapper.application; includeInIndex = 0; path = PlanIO.app; sourceTree = BUILT_PRODUCTS_DIR; };
		4C6FC5072BF34FEC0035FFC0 /* PlanIOApp.swift */ = {isa = PBXFileReference; lastKnownFileType = sourcecode.swift; path = PlanIOApp.swift; sourceTree = "<group>"; };
		4C6FC50B2BF34FED0035FFC0 /* Assets.xcassets */ = {isa = PBXFileReference; lastKnownFileType = folder.assetcatalog; path = Assets.xcassets; sourceTree = "<group>"; };
		4C6FC50E2BF34FED0035FFC0 /* Preview Assets.xcassets */ = {isa = PBXFileReference; lastKnownFileType = folder.assetcatalog; path = "Preview Assets.xcassets"; sourceTree = "<group>"; };
		4CC1E8012BF638AA00038958 /* .swiftlint.yml */ = {isa = PBXFileReference; fileEncoding = 4; lastKnownFileType = text.yaml; path = .swiftlint.yml; sourceTree = "<group>"; };
		510BE72F2BF5AB8400524EA9 /* TextBook.swift */ = {isa = PBXFileReference; lastKnownFileType = sourcecode.swift; path = TextBook.swift; sourceTree = "<group>"; };
		510BE7382BF715BC00524EA9 /* AchieveView.swift */ = {isa = PBXFileReference; lastKnownFileType = sourcecode.swift; path = AchieveView.swift; sourceTree = "<group>"; };
		510BE73B2BF71D7200524EA9 /* InputView.swift */ = {isa = PBXFileReference; lastKnownFileType = sourcecode.swift; path = InputView.swift; sourceTree = "<group>"; };
		510BE73E2BF71D8600524EA9 /* PlanView.swift */ = {isa = PBXFileReference; lastKnownFileType = sourcecode.swift; path = PlanView.swift; sourceTree = "<group>"; };
		510BE7412BF71DB600524EA9 /* TestView.swift */ = {isa = PBXFileReference; lastKnownFileType = sourcecode.swift; path = TestView.swift; sourceTree = "<group>"; };
		510BE7482BFA189D00524EA9 /* TodayTaskView.swift */ = {isa = PBXFileReference; lastKnownFileType = sourcecode.swift; path = TodayTaskView.swift; sourceTree = "<group>"; };
		510BE74A2BFA51E400524EA9 /* TodayTaskListView.swift */ = {isa = PBXFileReference; lastKnownFileType = sourcecode.swift; path = TodayTaskListView.swift; sourceTree = "<group>"; };
		510BE74C2BFA52B400524EA9 /* Task.swift */ = {isa = PBXFileReference; lastKnownFileType = sourcecode.swift; path = Task.swift; sourceTree = "<group>"; };
		510BE74E2BFA54F300524EA9 /* TaskStatusButton.swift */ = {isa = PBXFileReference; lastKnownFileType = sourcecode.swift; path = TaskStatusButton.swift; sourceTree = "<group>"; };
		510BE7502BFA5CA200524EA9 /* TaskLow.swift */ = {isa = PBXFileReference; lastKnownFileType = sourcecode.swift; path = TaskLow.swift; sourceTree = "<group>"; };
		510BE7522BFA606400524EA9 /* StatusSelectPopUp.swift */ = {isa = PBXFileReference; lastKnownFileType = sourcecode.swift; path = StatusSelectPopUp.swift; sourceTree = "<group>"; };
		510BE7542BFB24C200524EA9 /* WorkBook.swift */ = {isa = PBXFileReference; lastKnownFileType = sourcecode.swift; path = WorkBook.swift; sourceTree = "<group>"; };
		510BE7562BFB28C500524EA9 /* Plan.swift */ = {isa = PBXFileReference; lastKnownFileType = sourcecode.swift; path = Plan.swift; sourceTree = "<group>"; };
		510BE7592BFB587D00524EA9 /* AchieveComponentTitle.swift */ = {isa = PBXFileReference; lastKnownFileType = sourcecode.swift; path = AchieveComponentTitle.swift; sourceTree = "<group>"; };
		510BE75B2BFB589200524EA9 /* AchieveComponentBackground.swift */ = {isa = PBXFileReference; lastKnownFileType = sourcecode.swift; path = AchieveComponentBackground.swift; sourceTree = "<group>"; };
		510BE75D2BFB5A5800524EA9 /* EntireStatusView.swift */ = {isa = PBXFileReference; lastKnownFileType = sourcecode.swift; path = EntireStatusView.swift; sourceTree = "<group>"; };
/* End PBXFileReference section */

/* Begin PBXFrameworksBuildPhase section */
		4C6FC5012BF34FEC0035FFC0 /* Frameworks */ = {
			isa = PBXFrameworksBuildPhase;
			buildActionMask = 2147483647;
			files = (
			);
			runOnlyForDeploymentPostprocessing = 0;
		};
/* End PBXFrameworksBuildPhase section */

/* Begin PBXGroup section */
		4C6FC4FB2BF34FEC0035FFC0 = {
			isa = PBXGroup;
			children = (
				4CC1E8012BF638AA00038958 /* .swiftlint.yml */,
				4C6FC5062BF34FEC0035FFC0 /* PlanIO */,
				4C6FC5052BF34FEC0035FFC0 /* Products */,
			);
			sourceTree = "<group>";
		};
		4C6FC5052BF34FEC0035FFC0 /* Products */ = {
			isa = PBXGroup;
			children = (
				4C6FC5042BF34FEC0035FFC0 /* PlanIO.app */,
			);
			name = Products;
			sourceTree = "<group>";
		};
		4C6FC5062BF34FEC0035FFC0 /* PlanIO */ = {
			isa = PBXGroup;
			children = (
				510BE7292BF3899C00524EA9 /* Data */,
				510BE72C2BF389C200524EA9 /* Main */,
				510BE7402BF71DA900524EA9 /* Test */,
				4C6FC5072BF34FEC0035FFC0 /* PlanIOApp.swift */,
				4C6FC50B2BF34FED0035FFC0 /* Assets.xcassets */,
				4C6FC50D2BF34FED0035FFC0 /* Preview Content */,
			);
			path = PlanIO;
			sourceTree = "<group>";
		};
		4C6FC50D2BF34FED0035FFC0 /* Preview Content */ = {
			isa = PBXGroup;
			children = (
				4C6FC50E2BF34FED0035FFC0 /* Preview Assets.xcassets */,
			);
			path = "Preview Content";
			sourceTree = "<group>";
		};
		510BE7292BF3899C00524EA9 /* Data */ = {
			isa = PBXGroup;
			children = (
				510BE72F2BF5AB8400524EA9 /* TextBook.swift */,
				510BE7542BFB24C200524EA9 /* WorkBook.swift */,
				510BE7562BFB28C500524EA9 /* Plan.swift */,
				510BE74C2BFA52B400524EA9 /* Task.swift */,
			);
			path = Data;
			sourceTree = "<group>";
		};
		510BE72C2BF389C200524EA9 /* Main */ = {
			isa = PBXGroup;
			children = (
				510BE73A2BF71D6700524EA9 /* Input */,
				510BE73D2BF71D7C00524EA9 /* Plan */,
				510BE7372BF715A500524EA9 /* Achieve */,
			);
			path = Main;
			sourceTree = "<group>";
		};
		510BE7372BF715A500524EA9 /* Achieve */ = {
			isa = PBXGroup;
			children = (
				510BE7582BFB586D00524EA9 /* AchieveMain */,
				510BE7472BFA185300524EA9 /* TodayTask */,
				510BE75D2BFB5A5800524EA9 /* EntireStatusView.swift */,
			);
			path = Achieve;
			sourceTree = "<group>";
		};
		510BE73A2BF71D6700524EA9 /* Input */ = {
			isa = PBXGroup;
			children = (
				510BE73B2BF71D7200524EA9 /* InputView.swift */,
			);
			path = Input;
			sourceTree = "<group>";
		};
		510BE73D2BF71D7C00524EA9 /* Plan */ = {
			isa = PBXGroup;
			children = (
				510BE73E2BF71D8600524EA9 /* PlanView.swift */,
			);
			path = Plan;
			sourceTree = "<group>";
		};
		510BE7402BF71DA900524EA9 /* Test */ = {
			isa = PBXGroup;
			children = (
				510BE7412BF71DB600524EA9 /* TestView.swift */,
			);
			path = Test;
			sourceTree = "<group>";
		};
		510BE7472BFA185300524EA9 /* TodayTask */ = {
			isa = PBXGroup;
			children = (
				510BE7482BFA189D00524EA9 /* TodayTaskView.swift */,
				510BE74A2BFA51E400524EA9 /* TodayTaskListView.swift */,
				510BE7522BFA606400524EA9 /* StatusSelectPopUp.swift */,
				510BE7502BFA5CA200524EA9 /* TaskLow.swift */,
				510BE74E2BFA54F300524EA9 /* TaskStatusButton.swift */,
			);
			path = TodayTask;
			sourceTree = "<group>";
		};
		510BE7582BFB586D00524EA9 /* AchieveMain */ = {
			isa = PBXGroup;
			children = (
				510BE7382BF715BC00524EA9 /* AchieveView.swift */,
				510BE7592BFB587D00524EA9 /* AchieveComponentTitle.swift */,
				510BE75B2BFB589200524EA9 /* AchieveComponentBackground.swift */,
			);
			path = AchieveMain;
			sourceTree = "<group>";
		};
/* End PBXGroup section */

/* Begin PBXNativeTarget section */
		4C6FC5032BF34FEC0035FFC0 /* PlanIO */ = {
			isa = PBXNativeTarget;
			buildConfigurationList = 4C6FC5122BF34FED0035FFC0 /* Build configuration list for PBXNativeTarget "PlanIO" */;
			buildPhases = (
				4CC1E8002BF6382500038958 /* ShellScript */,
				4C6FC5002BF34FEC0035FFC0 /* Sources */,
				4C6FC5012BF34FEC0035FFC0 /* Frameworks */,
				4C6FC5022BF34FEC0035FFC0 /* Resources */,
			);
			buildRules = (
			);
			dependencies = (
			);
			name = PlanIO;
			productName = PlanIO;
			productReference = 4C6FC5042BF34FEC0035FFC0 /* PlanIO.app */;
			productType = "com.apple.product-type.application";
		};
/* End PBXNativeTarget section */

/* Begin PBXProject section */
		4C6FC4FC2BF34FEC0035FFC0 /* Project object */ = {
			isa = PBXProject;
			attributes = {
				BuildIndependentTargetsInParallel = 1;
				LastSwiftUpdateCheck = 1520;
				LastUpgradeCheck = 1520;
				TargetAttributes = {
					4C6FC5032BF34FEC0035FFC0 = {
						CreatedOnToolsVersion = 15.2;
					};
				};
			};
			buildConfigurationList = 4C6FC4FF2BF34FEC0035FFC0 /* Build configuration list for PBXProject "PlanIO" */;
			compatibilityVersion = "Xcode 14.0";
			developmentRegion = en;
			hasScannedForEncodings = 0;
			knownRegions = (
				en,
				Base,
			);
			mainGroup = 4C6FC4FB2BF34FEC0035FFC0;
			productRefGroup = 4C6FC5052BF34FEC0035FFC0 /* Products */;
			projectDirPath = "";
			projectRoot = "";
			targets = (
				4C6FC5032BF34FEC0035FFC0 /* PlanIO */,
			);
		};
/* End PBXProject section */

/* Begin PBXResourcesBuildPhase section */
		4C6FC5022BF34FEC0035FFC0 /* Resources */ = {
			isa = PBXResourcesBuildPhase;
			buildActionMask = 2147483647;
			files = (
				4CC1E8022BF638AA00038958 /* .swiftlint.yml in Resources */,
				4C6FC50F2BF34FED0035FFC0 /* Preview Assets.xcassets in Resources */,
				4C6FC50C2BF34FED0035FFC0 /* Assets.xcassets in Resources */,
			);
			runOnlyForDeploymentPostprocessing = 0;
		};
/* End PBXResourcesBuildPhase section */

/* Begin PBXShellScriptBuildPhase section */
		4CC1E8002BF6382500038958 /* ShellScript */ = {
			isa = PBXShellScriptBuildPhase;
			alwaysOutOfDate = 1;
			buildActionMask = 2147483647;
			files = (
			);
			inputFileListPaths = (
			);
			inputPaths = (
			);
			outputFileListPaths = (
			);
			outputPaths = (
			);
			runOnlyForDeploymentPostprocessing = 0;
			shellPath = /bin/sh;
			shellScript = "if [[ \"$(uname -m)\" == arm64 ]]; then\n    export PATH=\"/opt/homebrew/bin:$PATH\"\nfi\n\nif which swiftlint > /dev/null; then\n  swiftlint\nelse\n  echo \"warning: SwiftLint not installed, download from https://github.com/realm/SwiftLint\"\nfi\n";
		};
/* End PBXShellScriptBuildPhase section */

/* Begin PBXSourcesBuildPhase section */
		4C6FC5002BF34FEC0035FFC0 /* Sources */ = {
			isa = PBXSourcesBuildPhase;
			buildActionMask = 2147483647;
			files = (
				510BE7572BFB28C500524EA9 /* Plan.swift in Sources */,
				510BE7422BF71DB600524EA9 /* TestView.swift in Sources */,
				510BE7552BFB24C200524EA9 /* WorkBook.swift in Sources */,
				510BE7492BFA189D00524EA9 /* TodayTaskView.swift in Sources */,
				510BE7532BFA606400524EA9 /* StatusSelectPopUp.swift in Sources */,
				510BE75E2BFB5A5800524EA9 /* EntireStatusView.swift in Sources */,
				510BE7392BF715BC00524EA9 /* AchieveView.swift in Sources */,
				510BE75C2BFB589200524EA9 /* AchieveComponentBackground.swift in Sources */,
				510BE7512BFA5CA200524EA9 /* TaskLow.swift in Sources */,
				510BE73C2BF71D7200524EA9 /* InputView.swift in Sources */,
				510BE74F2BFA54F300524EA9 /* TaskStatusButton.swift in Sources */,
				510BE7302BF5AB8400524EA9 /* TextBook.swift in Sources */,
				510BE74B2BFA51E400524EA9 /* TodayTaskListView.swift in Sources */,
				510BE75A2BFB587D00524EA9 /* AchieveComponentTitle.swift in Sources */,
				4C6FC5082BF34FEC0035FFC0 /* PlanIOApp.swift in Sources */,
				510BE74D2BFA52B400524EA9 /* Task.swift in Sources */,
				510BE73F2BF71D8600524EA9 /* PlanView.swift in Sources */,
			);
			runOnlyForDeploymentPostprocessing = 0;
		};
/* End PBXSourcesBuildPhase section */

/* Begin XCBuildConfiguration section */
		4C6FC5102BF34FED0035FFC0 /* Debug */ = {
			isa = XCBuildConfiguration;
			buildSettings = {
				ALWAYS_SEARCH_USER_PATHS = NO;
				ASSETCATALOG_COMPILER_GENERATE_SWIFT_ASSET_SYMBOL_EXTENSIONS = YES;
				CLANG_ANALYZER_NONNULL = YES;
				CLANG_ANALYZER_NUMBER_OBJECT_CONVERSION = YES_AGGRESSIVE;
				CLANG_CXX_LANGUAGE_STANDARD = "gnu++20";
				CLANG_ENABLE_MODULES = YES;
				CLANG_ENABLE_OBJC_ARC = YES;
				CLANG_ENABLE_OBJC_WEAK = YES;
				CLANG_WARN_BLOCK_CAPTURE_AUTORELEASING = YES;
				CLANG_WARN_BOOL_CONVERSION = YES;
				CLANG_WARN_COMMA = YES;
				CLANG_WARN_CONSTANT_CONVERSION = YES;
				CLANG_WARN_DEPRECATED_OBJC_IMPLEMENTATIONS = YES;
				CLANG_WARN_DIRECT_OBJC_ISA_USAGE = YES_ERROR;
				CLANG_WARN_DOCUMENTATION_COMMENTS = YES;
				CLANG_WARN_EMPTY_BODY = YES;
				CLANG_WARN_ENUM_CONVERSION = YES;
				CLANG_WARN_INFINITE_RECURSION = YES;
				CLANG_WARN_INT_CONVERSION = YES;
				CLANG_WARN_NON_LITERAL_NULL_CONVERSION = YES;
				CLANG_WARN_OBJC_IMPLICIT_RETAIN_SELF = YES;
				CLANG_WARN_OBJC_LITERAL_CONVERSION = YES;
				CLANG_WARN_OBJC_ROOT_CLASS = YES_ERROR;
				CLANG_WARN_QUOTED_INCLUDE_IN_FRAMEWORK_HEADER = YES;
				CLANG_WARN_RANGE_LOOP_ANALYSIS = YES;
				CLANG_WARN_STRICT_PROTOTYPES = YES;
				CLANG_WARN_SUSPICIOUS_MOVE = YES;
				CLANG_WARN_UNGUARDED_AVAILABILITY = YES_AGGRESSIVE;
				CLANG_WARN_UNREACHABLE_CODE = YES;
				CLANG_WARN__DUPLICATE_METHOD_MATCH = YES;
				COPY_PHASE_STRIP = NO;
				DEBUG_INFORMATION_FORMAT = dwarf;
				ENABLE_STRICT_OBJC_MSGSEND = YES;
				ENABLE_TESTABILITY = YES;
				ENABLE_USER_SCRIPT_SANDBOXING = NO;
				GCC_C_LANGUAGE_STANDARD = gnu17;
				GCC_DYNAMIC_NO_PIC = NO;
				GCC_NO_COMMON_BLOCKS = YES;
				GCC_OPTIMIZATION_LEVEL = 0;
				GCC_PREPROCESSOR_DEFINITIONS = (
					"DEBUG=1",
					"$(inherited)",
				);
				GCC_WARN_64_TO_32_BIT_CONVERSION = YES;
				GCC_WARN_ABOUT_RETURN_TYPE = YES_ERROR;
				GCC_WARN_UNDECLARED_SELECTOR = YES;
				GCC_WARN_UNINITIALIZED_AUTOS = YES_AGGRESSIVE;
				GCC_WARN_UNUSED_FUNCTION = YES;
				GCC_WARN_UNUSED_VARIABLE = YES;
				IPHONEOS_DEPLOYMENT_TARGET = 17.2;
				LOCALIZATION_PREFERS_STRING_CATALOGS = YES;
				MTL_ENABLE_DEBUG_INFO = INCLUDE_SOURCE;
				MTL_FAST_MATH = YES;
				ONLY_ACTIVE_ARCH = YES;
				SDKROOT = iphoneos;
				SWIFT_ACTIVE_COMPILATION_CONDITIONS = "DEBUG $(inherited)";
				SWIFT_OPTIMIZATION_LEVEL = "-Onone";
			};
			name = Debug;
		};
		4C6FC5112BF34FED0035FFC0 /* Release */ = {
			isa = XCBuildConfiguration;
			buildSettings = {
				ALWAYS_SEARCH_USER_PATHS = NO;
				ASSETCATALOG_COMPILER_GENERATE_SWIFT_ASSET_SYMBOL_EXTENSIONS = YES;
				CLANG_ANALYZER_NONNULL = YES;
				CLANG_ANALYZER_NUMBER_OBJECT_CONVERSION = YES_AGGRESSIVE;
				CLANG_CXX_LANGUAGE_STANDARD = "gnu++20";
				CLANG_ENABLE_MODULES = YES;
				CLANG_ENABLE_OBJC_ARC = YES;
				CLANG_ENABLE_OBJC_WEAK = YES;
				CLANG_WARN_BLOCK_CAPTURE_AUTORELEASING = YES;
				CLANG_WARN_BOOL_CONVERSION = YES;
				CLANG_WARN_COMMA = YES;
				CLANG_WARN_CONSTANT_CONVERSION = YES;
				CLANG_WARN_DEPRECATED_OBJC_IMPLEMENTATIONS = YES;
				CLANG_WARN_DIRECT_OBJC_ISA_USAGE = YES_ERROR;
				CLANG_WARN_DOCUMENTATION_COMMENTS = YES;
				CLANG_WARN_EMPTY_BODY = YES;
				CLANG_WARN_ENUM_CONVERSION = YES;
				CLANG_WARN_INFINITE_RECURSION = YES;
				CLANG_WARN_INT_CONVERSION = YES;
				CLANG_WARN_NON_LITERAL_NULL_CONVERSION = YES;
				CLANG_WARN_OBJC_IMPLICIT_RETAIN_SELF = YES;
				CLANG_WARN_OBJC_LITERAL_CONVERSION = YES;
				CLANG_WARN_OBJC_ROOT_CLASS = YES_ERROR;
				CLANG_WARN_QUOTED_INCLUDE_IN_FRAMEWORK_HEADER = YES;
				CLANG_WARN_RANGE_LOOP_ANALYSIS = YES;
				CLANG_WARN_STRICT_PROTOTYPES = YES;
				CLANG_WARN_SUSPICIOUS_MOVE = YES;
				CLANG_WARN_UNGUARDED_AVAILABILITY = YES_AGGRESSIVE;
				CLANG_WARN_UNREACHABLE_CODE = YES;
				CLANG_WARN__DUPLICATE_METHOD_MATCH = YES;
				COPY_PHASE_STRIP = NO;
				DEBUG_INFORMATION_FORMAT = "dwarf-with-dsym";
				ENABLE_NS_ASSERTIONS = NO;
				ENABLE_STRICT_OBJC_MSGSEND = YES;
				ENABLE_USER_SCRIPT_SANDBOXING = NO;
				GCC_C_LANGUAGE_STANDARD = gnu17;
				GCC_NO_COMMON_BLOCKS = YES;
				GCC_WARN_64_TO_32_BIT_CONVERSION = YES;
				GCC_WARN_ABOUT_RETURN_TYPE = YES_ERROR;
				GCC_WARN_UNDECLARED_SELECTOR = YES;
				GCC_WARN_UNINITIALIZED_AUTOS = YES_AGGRESSIVE;
				GCC_WARN_UNUSED_FUNCTION = YES;
				GCC_WARN_UNUSED_VARIABLE = YES;
				IPHONEOS_DEPLOYMENT_TARGET = 17.2;
				LOCALIZATION_PREFERS_STRING_CATALOGS = YES;
				MTL_ENABLE_DEBUG_INFO = NO;
				MTL_FAST_MATH = YES;
				SDKROOT = iphoneos;
				SWIFT_COMPILATION_MODE = wholemodule;
				VALIDATE_PRODUCT = YES;
			};
			name = Release;
		};
		4C6FC5132BF34FED0035FFC0 /* Debug */ = {
			isa = XCBuildConfiguration;
			buildSettings = {
				ASSETCATALOG_COMPILER_APPICON_NAME = AppIcon;
				ASSETCATALOG_COMPILER_GLOBAL_ACCENT_COLOR_NAME = AccentColor;
				CODE_SIGN_STYLE = Automatic;
				CURRENT_PROJECT_VERSION = 1;
				DEVELOPMENT_ASSET_PATHS = "\"PlanIO/Preview Content\"";
				DEVELOPMENT_TEAM = 9R7T8F4A6S;
				ENABLE_PREVIEWS = YES;
				GENERATE_INFOPLIST_FILE = YES;
				INFOPLIST_KEY_UIApplicationSceneManifest_Generation = YES;
				INFOPLIST_KEY_UIApplicationSupportsIndirectInputEvents = YES;
				INFOPLIST_KEY_UILaunchScreen_Generation = YES;
				INFOPLIST_KEY_UISupportedInterfaceOrientations = UIInterfaceOrientationLandscapeRight;
				INFOPLIST_KEY_UIUserInterfaceStyle = Light;
				IPHONEOS_DEPLOYMENT_TARGET = 17.0;
				LD_RUNPATH_SEARCH_PATHS = (
					"$(inherited)",
					"@executable_path/Frameworks",
				);
				MARKETING_VERSION = 1.0.0;
				PRODUCT_BUNDLE_IDENTIFIER = com.hututi.PlanIO;
				PRODUCT_NAME = "$(TARGET_NAME)";
				SWIFT_EMIT_LOC_STRINGS = YES;
				SWIFT_VERSION = 5.0;
				TARGETED_DEVICE_FAMILY = "1,2";
			};
			name = Debug;
		};
		4C6FC5142BF34FED0035FFC0 /* Release */ = {
			isa = XCBuildConfiguration;
			buildSettings = {
				ASSETCATALOG_COMPILER_APPICON_NAME = AppIcon;
				ASSETCATALOG_COMPILER_GLOBAL_ACCENT_COLOR_NAME = AccentColor;
				CODE_SIGN_STYLE = Automatic;
				CURRENT_PROJECT_VERSION = 1;
				DEVELOPMENT_ASSET_PATHS = "\"PlanIO/Preview Content\"";
				DEVELOPMENT_TEAM = 9R7T8F4A6S;
				ENABLE_PREVIEWS = YES;
				GENERATE_INFOPLIST_FILE = YES;
				INFOPLIST_KEY_UIApplicationSceneManifest_Generation = YES;
				INFOPLIST_KEY_UIApplicationSupportsIndirectInputEvents = YES;
				INFOPLIST_KEY_UILaunchScreen_Generation = YES;
				INFOPLIST_KEY_UISupportedInterfaceOrientations = UIInterfaceOrientationLandscapeRight;
				INFOPLIST_KEY_UIUserInterfaceStyle = Light;
				IPHONEOS_DEPLOYMENT_TARGET = 17.0;
				LD_RUNPATH_SEARCH_PATHS = (
					"$(inherited)",
					"@executable_path/Frameworks",
				);
				MARKETING_VERSION = 1.0.0;
				PRODUCT_BUNDLE_IDENTIFIER = com.hututi.PlanIO;
				PRODUCT_NAME = "$(TARGET_NAME)";
				SWIFT_EMIT_LOC_STRINGS = YES;
				SWIFT_VERSION = 5.0;
				TARGETED_DEVICE_FAMILY = "1,2";
			};
			name = Release;
		};
/* End XCBuildConfiguration section */

/* Begin XCConfigurationList section */
		4C6FC4FF2BF34FEC0035FFC0 /* Build configuration list for PBXProject "PlanIO" */ = {
			isa = XCConfigurationList;
			buildConfigurations = (
				4C6FC5102BF34FED0035FFC0 /* Debug */,
				4C6FC5112BF34FED0035FFC0 /* Release */,
			);
			defaultConfigurationIsVisible = 0;
			defaultConfigurationName = Release;
		};
		4C6FC5122BF34FED0035FFC0 /* Build configuration list for PBXNativeTarget "PlanIO" */ = {
			isa = XCConfigurationList;
			buildConfigurations = (
				4C6FC5132BF34FED0035FFC0 /* Debug */,
				4C6FC5142BF34FED0035FFC0 /* Release */,
			);
			defaultConfigurationIsVisible = 0;
			defaultConfigurationName = Release;
		};
/* End XCConfigurationList section */
	};
	rootObject = 4C6FC4FC2BF34FEC0035FFC0 /* Project object */;
}
